
Microsoft Visual Studio Solution File, Format Version 12.00
# Visual Studio Version 17
VisualStudioVersion = 17.5.33516.290
MinimumVisualStudioVersion = 10.0.40219.1
Project("{9A19103F-16F7-4668-BE54-9A1E7A4F7556}") = "WeRaven.Api", "WeRaven.Api\WeRaven.Api.csproj", "{75A7E10F-6265-4411-8ECE-2531CF695032}"
EndProject
Project("{FAE04EC0-301F-11D3-BF4B-00C04F79EFBC}") = "WeRaven.Api.Test", "WeRaven.Api.Test\WeRaven.Api.Test.csproj", "{4F36888A-9680-4443-A48D-70D47CA9F847}"
EndProject
Global
	GlobalSection(SolutionConfigurationPlatforms) = preSolution
		Debug|Any CPU = Debug|Any CPU
		Release|Any CPU = Release|Any CPU
	EndGlobalSection
	GlobalSection(ProjectConfigurationPlatforms) = postSolution
		{75A7E10F-6265-4411-8ECE-2531CF695032}.Debug|Any CPU.ActiveCfg = Debug|Any CPU
		{75A7E10F-6265-4411-8ECE-2531CF695032}.Debug|Any CPU.Build.0 = Debug|Any CPU
		{75A7E10F-6265-4411-8ECE-2531CF695032}.Release|Any CPU.ActiveCfg = Release|Any CPU
		{75A7E10F-6265-4411-8ECE-2531CF695032}.Release|Any CPU.Build.0 = Release|Any CPU
		{4F36888A-9680-4443-A48D-70D47CA9F847}.Debug|Any CPU.ActiveCfg = Debug|Any CPU
		{4F36888A-9680-4443-A48D-70D47CA9F847}.Debug|Any CPU.Build.0 = Debug|Any CPU
		{4F36888A-9680-4443-A48D-70D47CA9F847}.Release|Any CPU.ActiveCfg = Release|Any CPU
		{4F36888A-9680-4443-A48D-70D47CA9F847}.Release|Any CPU.Build.0 = Release|Any CPU
	EndGlobalSection
	GlobalSection(SolutionProperties) = preSolution
		HideSolutionNode = FALSE
	EndGlobalSection
	GlobalSection(ExtensibilityGlobals) = postSolution
		SolutionGuid = {706A08DC-C127-4119-A17A-5133A94FF72B}
	EndGlobalSection
EndGlobal
